
Microsoft Visual Studio Solution File, Format Version 12.00
# Visual Studio Version 16
VisualStudioVersion = 16.0.30611.23
MinimumVisualStudioVersion = 10.0.40219.1
Project("{9A19103F-16F7-4668-BE54-9A1E7A4F7556}") = "ConsoleApp1", "ConsoleApp1\ConsoleApp1.csproj", "{98270F47-7EA4-498A-BA91-8D4813DD2157}"
EndProject
Project("{2150E333-8FDC-42A3-9474-1A3956D46DE8}") = "Ejercicios", "Ejercicios", "{9122ECCD-80BB-40CA-8892-1708EF51CCF0}"
EndProject
Project("{9A19103F-16F7-4668-BE54-9A1E7A4F7556}") = "Ejercicio 4.1.2.1", "Ejercicio 4.1.2.1\Ejercicio 4.1.2.1.csproj", "{8E168A3B-203D-40BE-B3EA-0E809201331B}"
EndProject
Project("{9A19103F-16F7-4668-BE54-9A1E7A4F7556}") = "Ejercicio 4.1.3.1", "Ejercicio 4.1.3.1\Ejercicio 4.1.3.1.csproj", "{9DE9C7C5-5C09-468E-8E8C-8693AA13515C}"
EndProject
Project("{9A19103F-16F7-4668-BE54-9A1E7A4F7556}") = "Ejercicio 4.1.3.2", "Ejercicio 4.1.3.2\Ejercicio 4.1.3.2.csproj", "{0E4BA449-1F5B-45E4-A822-F703D4D946B9}"
EndProject
Project("{9A19103F-16F7-4668-BE54-9A1E7A4F7556}") = "Ejercicio 4.1.3.6", "Ejercicio 4.1.3.4\Ejercicio 4.1.3.6.csproj", "{B9875ADC-0136-4A0F-8F54-D8E4B4B69DDF}"
EndProject
Project("{9A19103F-16F7-4668-BE54-9A1E7A4F7556}") = "Ejercicio 4.1.3.3", "Ejercicio 4.1.3.3\Ejercicio 4.1.3.3.csproj", "{539C9905-BC7A-4919-B333-34523C17AD8E}"
EndProject
Project("{9A19103F-16F7-4668-BE54-9A1E7A4F7556}") = "Ejercicio 4.1.3.7", "Ejercicio 4.1.3.7\Ejercicio 4.1.3.7.csproj", "{FD0A6BB6-769C-4F9C-A150-684FD9ED9784}"
EndProject
Project("{FAE04EC0-301F-11D3-BF4B-00C04F79EFBC}") = "Ejercicio 4.1.3.8", "Ejercicio 4.1.3.8\Ejercicio 4.1.3.8.csproj", "{AB3844D5-F6C1-49F6-9F21-BB536C691087}"
EndProject
Global
	GlobalSection(SolutionConfigurationPlatforms) = preSolution
		Debug|Any CPU = Debug|Any CPU
		Release|Any CPU = Release|Any CPU
	EndGlobalSection
	GlobalSection(ProjectConfigurationPlatforms) = postSolution
		{98270F47-7EA4-498A-BA91-8D4813DD2157}.Debug|Any CPU.ActiveCfg = Debug|Any CPU
		{98270F47-7EA4-498A-BA91-8D4813DD2157}.Debug|Any CPU.Build.0 = Debug|Any CPU
		{98270F47-7EA4-498A-BA91-8D4813DD2157}.Release|Any CPU.ActiveCfg = Release|Any CPU
		{98270F47-7EA4-498A-BA91-8D4813DD2157}.Release|Any CPU.Build.0 = Release|Any CPU
		{8E168A3B-203D-40BE-B3EA-0E809201331B}.Debug|Any CPU.ActiveCfg = Debug|Any CPU
		{8E168A3B-203D-40BE-B3EA-0E809201331B}.Debug|Any CPU.Build.0 = Debug|Any CPU
		{8E168A3B-203D-40BE-B3EA-0E809201331B}.Release|Any CPU.ActiveCfg = Release|Any CPU
		{8E168A3B-203D-40BE-B3EA-0E809201331B}.Release|Any CPU.Build.0 = Release|Any CPU
		{9DE9C7C5-5C09-468E-8E8C-8693AA13515C}.Debug|Any CPU.ActiveCfg = Debug|Any CPU
		{9DE9C7C5-5C09-468E-8E8C-8693AA13515C}.Debug|Any CPU.Build.0 = Debug|Any CPU
		{9DE9C7C5-5C09-468E-8E8C-8693AA13515C}.Release|Any CPU.ActiveCfg = Release|Any CPU
		{9DE9C7C5-5C09-468E-8E8C-8693AA13515C}.Release|Any CPU.Build.0 = Release|Any CPU
		{0E4BA449-1F5B-45E4-A822-F703D4D946B9}.Debug|Any CPU.ActiveCfg = Debug|Any CPU
		{0E4BA449-1F5B-45E4-A822-F703D4D946B9}.Debug|Any CPU.Build.0 = Debug|Any CPU
		{0E4BA449-1F5B-45E4-A822-F703D4D946B9}.Release|Any CPU.ActiveCfg = Release|Any CPU
		{0E4BA449-1F5B-45E4-A822-F703D4D946B9}.Release|Any CPU.Build.0 = Release|Any CPU
		{B9875ADC-0136-4A0F-8F54-D8E4B4B69DDF}.Debug|Any CPU.ActiveCfg = Debug|Any CPU
		{B9875ADC-0136-4A0F-8F54-D8E4B4B69DDF}.Debug|Any CPU.Build.0 = Debug|Any CPU
		{B9875ADC-0136-4A0F-8F54-D8E4B4B69DDF}.Release|Any CPU.ActiveCfg = Release|Any CPU
		{B9875ADC-0136-4A0F-8F54-D8E4B4B69DDF}.Release|Any CPU.Build.0 = Release|Any CPU
		{539C9905-BC7A-4919-B333-34523C17AD8E}.Debug|Any CPU.ActiveCfg = Debug|Any CPU
		{539C9905-BC7A-4919-B333-34523C17AD8E}.Debug|Any CPU.Build.0 = Debug|Any CPU
		{539C9905-BC7A-4919-B333-34523C17AD8E}.Release|Any CPU.ActiveCfg = Release|Any CPU
		{539C9905-BC7A-4919-B333-34523C17AD8E}.Release|Any CPU.Build.0 = Release|Any CPU
		{FD0A6BB6-769C-4F9C-A150-684FD9ED9784}.Debug|Any CPU.ActiveCfg = Debug|Any CPU
		{FD0A6BB6-769C-4F9C-A150-684FD9ED9784}.Debug|Any CPU.Build.0 = Debug|Any CPU
		{FD0A6BB6-769C-4F9C-A150-684FD9ED9784}.Release|Any CPU.ActiveCfg = Release|Any CPU
		{FD0A6BB6-769C-4F9C-A150-684FD9ED9784}.Release|Any CPU.Build.0 = Release|Any CPU
		{AB3844D5-F6C1-49F6-9F21-BB536C691087}.Debug|Any CPU.ActiveCfg = Debug|Any CPU
		{AB3844D5-F6C1-49F6-9F21-BB536C691087}.Debug|Any CPU.Build.0 = Debug|Any CPU
		{AB3844D5-F6C1-49F6-9F21-BB536C691087}.Release|Any CPU.ActiveCfg = Release|Any CPU
		{AB3844D5-F6C1-49F6-9F21-BB536C691087}.Release|Any CPU.Build.0 = Release|Any CPU
	EndGlobalSection
	GlobalSection(SolutionProperties) = preSolution
		HideSolutionNode = FALSE
	EndGlobalSection
	GlobalSection(NestedProjects) = preSolution
		{8E168A3B-203D-40BE-B3EA-0E809201331B} = {9122ECCD-80BB-40CA-8892-1708EF51CCF0}
		{9DE9C7C5-5C09-468E-8E8C-8693AA13515C} = {9122ECCD-80BB-40CA-8892-1708EF51CCF0}
		{0E4BA449-1F5B-45E4-A822-F703D4D946B9} = {9122ECCD-80BB-40CA-8892-1708EF51CCF0}
		{B9875ADC-0136-4A0F-8F54-D8E4B4B69DDF} = {9122ECCD-80BB-40CA-8892-1708EF51CCF0}
		{539C9905-BC7A-4919-B333-34523C17AD8E} = {9122ECCD-80BB-40CA-8892-1708EF51CCF0}
		{FD0A6BB6-769C-4F9C-A150-684FD9ED9784} = {9122ECCD-80BB-40CA-8892-1708EF51CCF0}
		{AB3844D5-F6C1-49F6-9F21-BB536C691087} = {9122ECCD-80BB-40CA-8892-1708EF51CCF0}
	EndGlobalSection
	GlobalSection(ExtensibilityGlobals) = postSolution
		SolutionGuid = {973C818E-4566-44B3-9AAD-7018AB5D7A8D}
	EndGlobalSection
EndGlobal
